
Microsoft Visual Studio Solution File, Format Version 12.00
# Visual Studio 2012
Project("{FAE04EC0-301F-11D3-BF4B-00C04F79EFBC}") = "RelaxMethod", "RelaxMethod\RelaxMethod.csproj", "{E3ADEAF0-3999-4AE3-80BF-62D54DB220AE}"
EndProject
Global
	GlobalSection(SolutionConfigurationPlatforms) = preSolution
		Debug|Any CPU = Debug|Any CPU
		Release|Any CPU = Release|Any CPU
	EndGlobalSection
	GlobalSection(ProjectConfigurationPlatforms) = postSolution
		{E3ADEAF0-3999-4AE3-80BF-62D54DB220AE}.Debug|Any CPU.ActiveCfg = Debug|Any CPU
		{E3ADEAF0-3999-4AE3-80BF-62D54DB220AE}.Debug|Any CPU.Build.0 = Debug|Any CPU
		{E3ADEAF0-3999-4AE3-80BF-62D54DB220AE}.Release|Any CPU.ActiveCfg = Release|Any CPU
		{E3ADEAF0-3999-4AE3-80BF-62D54DB220AE}.Release|Any CPU.Build.0 = Release|Any CPU
	EndGlobalSection
	GlobalSection(SolutionProperties) = preSolution
		HideSolutionNode = FALSE
	EndGlobalSection
EndGlobal
